
Microsoft Visual Studio Solution File, Format Version 12.00
# Visual Studio Version 17
VisualStudioVersion = 17.10.35004.147
MinimumVisualStudioVersion = 10.0.40219.1
Project("{FAE04EC0-301F-11D3-BF4B-00C04F79EFBC}") = "event_run_assist_tool", "event_run_assist_tool.csproj", "{9F5FA556-7FD2-4868-B7DC-67EFD93E3EFD}"
EndProject
Project("{54435603-DBB4-11D2-8724-00A0C9A8B90C}") = "erat_setup_tool", "..\erat_setup_tool\erat_setup_tool.vdproj", "{46CAE872-FBFC-49CB-B7E7-159B1F01B508}"
EndProject
Project("{888888A0-9F3D-457C-B088-3A5042F75D52}") = "erat_image_recognition_tool", "..\erat_image_recognition_tool\erat_image_recognition_tool.pyproj", "{CF49C5D6-7215-4E86-9307-E525337A8091}"
EndProject
Global
	GlobalSection(SolutionConfigurationPlatforms) = preSolution
		Debug|Any CPU = Debug|Any CPU
		Debug|ARM64 = Debug|ARM64
		Debug|x64 = Debug|x64
		Debug|x86 = Debug|x86
		Release|Any CPU = Release|Any CPU
		Release|ARM64 = Release|ARM64
		Release|x64 = Release|x64
		Release|x86 = Release|x86
	EndGlobalSection
	GlobalSection(ProjectConfigurationPlatforms) = postSolution
		{9F5FA556-7FD2-4868-B7DC-67EFD93E3EFD}.Debug|Any CPU.ActiveCfg = Debug|Any CPU
		{9F5FA556-7FD2-4868-B7DC-67EFD93E3EFD}.Debug|Any CPU.Build.0 = Debug|Any CPU
		{9F5FA556-7FD2-4868-B7DC-67EFD93E3EFD}.Debug|ARM64.ActiveCfg = Debug|Any CPU
		{9F5FA556-7FD2-4868-B7DC-67EFD93E3EFD}.Debug|ARM64.Build.0 = Debug|Any CPU
		{9F5FA556-7FD2-4868-B7DC-67EFD93E3EFD}.Debug|x64.ActiveCfg = Debug|Any CPU
		{9F5FA556-7FD2-4868-B7DC-67EFD93E3EFD}.Debug|x64.Build.0 = Debug|Any CPU
		{9F5FA556-7FD2-4868-B7DC-67EFD93E3EFD}.Debug|x86.ActiveCfg = Debug|Any CPU
		{9F5FA556-7FD2-4868-B7DC-67EFD93E3EFD}.Debug|x86.Build.0 = Debug|Any CPU
		{9F5FA556-7FD2-4868-B7DC-67EFD93E3EFD}.Release|Any CPU.ActiveCfg = Release|Any CPU
		{9F5FA556-7FD2-4868-B7DC-67EFD93E3EFD}.Release|Any CPU.Build.0 = Release|Any CPU
		{9F5FA556-7FD2-4868-B7DC-67EFD93E3EFD}.Release|ARM64.ActiveCfg = Release|Any CPU
		{9F5FA556-7FD2-4868-B7DC-67EFD93E3EFD}.Release|ARM64.Build.0 = Release|Any CPU
		{9F5FA556-7FD2-4868-B7DC-67EFD93E3EFD}.Release|x64.ActiveCfg = Release|Any CPU
		{9F5FA556-7FD2-4868-B7DC-67EFD93E3EFD}.Release|x64.Build.0 = Release|Any CPU
		{9F5FA556-7FD2-4868-B7DC-67EFD93E3EFD}.Release|x86.ActiveCfg = Release|Any CPU
		{9F5FA556-7FD2-4868-B7DC-67EFD93E3EFD}.Release|x86.Build.0 = Release|Any CPU
		{46CAE872-FBFC-49CB-B7E7-159B1F01B508}.Debug|Any CPU.ActiveCfg = Debug
		{46CAE872-FBFC-49CB-B7E7-159B1F01B508}.Debug|ARM64.ActiveCfg = Debug
		{46CAE872-FBFC-49CB-B7E7-159B1F01B508}.Debug|x64.ActiveCfg = Debug
		{46CAE872-FBFC-49CB-B7E7-159B1F01B508}.Debug|x86.ActiveCfg = Debug
		{46CAE872-FBFC-49CB-B7E7-159B1F01B508}.Release|Any CPU.ActiveCfg = Release
		{46CAE872-FBFC-49CB-B7E7-159B1F01B508}.Release|ARM64.ActiveCfg = Release
		{46CAE872-FBFC-49CB-B7E7-159B1F01B508}.Release|x64.ActiveCfg = Release
		{46CAE872-FBFC-49CB-B7E7-159B1F01B508}.Release|x86.ActiveCfg = Release
		{CF49C5D6-7215-4E86-9307-E525337A8091}.Debug|Any CPU.ActiveCfg = Debug|Any CPU
		{CF49C5D6-7215-4E86-9307-E525337A8091}.Debug|ARM64.ActiveCfg = Debug|Any CPU
		{CF49C5D6-7215-4E86-9307-E525337A8091}.Debug|x64.ActiveCfg = Debug|Any CPU
		{CF49C5D6-7215-4E86-9307-E525337A8091}.Debug|x86.ActiveCfg = Debug|Any CPU
		{CF49C5D6-7215-4E86-9307-E525337A8091}.Release|Any CPU.ActiveCfg = Release|Any CPU
		{CF49C5D6-7215-4E86-9307-E525337A8091}.Release|ARM64.ActiveCfg = Release|Any CPU
		{CF49C5D6-7215-4E86-9307-E525337A8091}.Release|x64.ActiveCfg = Release|Any CPU
		{CF49C5D6-7215-4E86-9307-E525337A8091}.Release|x86.ActiveCfg = Release|Any CPU
	EndGlobalSection
	GlobalSection(SolutionProperties) = preSolution
		HideSolutionNode = FALSE
	EndGlobalSection
	GlobalSection(ExtensibilityGlobals) = postSolution
		SolutionGuid = {9026D2B4-B971-4828-AA52-B8ED280C6B7D}
	EndGlobalSection
EndGlobal
